
Microsoft Visual Studio Solution File, Format Version 12.00
# Visual Studio Version 17
VisualStudioVersion = 17.4.33213.308
MinimumVisualStudioVersion = 10.0.40219.1
Project("{FAE04EC0-301F-11D3-BF4B-00C04F79EFBC}") = "GenericTest", "GenericTest\GenericTest.csproj", "{C1DDAFA2-1147-45BD-9DC9-3EB814664F51}"
EndProject
Global
	GlobalSection(SolutionConfigurationPlatforms) = preSolution
		Debug|Any CPU = Debug|Any CPU
		Release|Any CPU = Release|Any CPU
	EndGlobalSection
	GlobalSection(ProjectConfigurationPlatforms) = postSolution
		{C1DDAFA2-1147-45BD-9DC9-3EB814664F51}.Debug|Any CPU.ActiveCfg = Debug|Any CPU
		{C1DDAFA2-1147-45BD-9DC9-3EB814664F51}.Debug|Any CPU.Build.0 = Debug|Any CPU
		{C1DDAFA2-1147-45BD-9DC9-3EB814664F51}.Release|Any CPU.ActiveCfg = Release|Any CPU
		{C1DDAFA2-1147-45BD-9DC9-3EB814664F51}.Release|Any CPU.Build.0 = Release|Any CPU
	EndGlobalSection
	GlobalSection(SolutionProperties) = preSolution
		HideSolutionNode = FALSE
	EndGlobalSection
	GlobalSection(ExtensibilityGlobals) = postSolution
		SolutionGuid = {681E451E-D700-46BB-928F-679D79015FAB}
	EndGlobalSection
EndGlobal
